<?xml version="1.0" encoding="utf-8"?>
<Project ToolsVersion="4.0" xmlns="http://schemas.microsoft.com/developer/msbuild/2003">
  <ItemGroup>
    <Filter Include="Source Files">
      <UniqueIdentifier>{4FC737F1-C7A5-4376-A066-2A32D752A2FF}</UniqueIdentifier>
      <Extensions>cpp;cxx;c;def</Extensions>
    </Filter>
    <Filter Include="Header Files">
      <UniqueIdentifier>{93995380-89BD-4b04-88EB-625FBE52EBFB}</UniqueIdentifier>
      <Extensions>h</Extensions>
    </Filter>
    <Filter Include="Form Files">
      <UniqueIdentifier>{99349809-55BA-4b9d-BF79-8FDBB0286EB3}</UniqueIdentifier>
      <Extensions>ui</Extensions>
    </Filter>
    <Filter Include="Resource Files">
      <UniqueIdentifier>{D9D6E242-F8AF-46E4-B9FD-80ECBC20BA3E}</UniqueIdentifier>
      <Extensions>qrc;*</Extensions>
      <ParseFiles>false</ParseFiles>
    </Filter>
    <Filter Include="Generated Files">
      <UniqueIdentifier>{71ED8ED8-ACB9-4CE9-BBE1-E00B30144E11}</UniqueIdentifier>
      <Extensions>moc;h;cpp</Extensions>
      <SourceControlFiles>False</SourceControlFiles>
    </Filter>
    <Filter Include="Generated Files\Debug">
      <UniqueIdentifier>{5f865e4c-349e-4d61-af47-1ae87a48af22}</UniqueIdentifier>
      <Extensions>cpp;moc</Extensions>
      <SourceControlFiles>False</SourceControlFiles>
    </Filter>
    <Filter Include="Generated Files\Release">
      <UniqueIdentifier>{cdf65f3d-5594-4832-b05f-c8b175a1420b}</UniqueIdentifier>
      <Extensions>cpp;moc</Extensions>
      <SourceControlFiles>False</SourceControlFiles>
    </Filter>
  </ItemGroup>
  <ItemGroup>
    <ClCompile Include="qxtglobal.cpp">
      <Filter>Source Files</Filter>
    </ClCompile>
    <ClCompile Include="qxtmultispanslider.cpp">
      <Filter>Source Files</Filter>
    </ClCompile>
    <ClCompile Include="GeneratedFiles\Debug\moc_qxtmultispanslider.cpp">
      <Filter>Generated Files\Debug</Filter>
    </ClCompile>
    <ClCompile Include="GeneratedFiles\Release\moc_qxtmultispanslider.cpp">
      <Filter>Generated Files\Release</Filter>
    </ClCompile>
    <ClCompile Include="GeneratedFiles\Debug\moc_qxtmultispanslider_p.cpp">
      <Filter>Generated Files\Debug</Filter>
    </ClCompile>
    <ClCompile Include="GeneratedFiles\Release\moc_qxtmultispanslider_p.cpp">
      <Filter>Generated Files\Release</Filter>
    </ClCompile>
    <ClCompile Include="GeneratedFiles\Debug\moc_qxtnamespace.cpp">
      <Filter>Generated Files\Debug</Filter>
    </ClCompile>
    <ClCompile Include="GeneratedFiles\Release\moc_qxtnamespace.cpp">
      <Filter>Generated Files\Release</Filter>
    </ClCompile>
    <ClCompile Include="qxtspanslider.cpp">
      <Filter>Source Files</Filter>
    </ClCompile>
    <ClCompile Include="GeneratedFiles\Debug\moc_qxtspanslider.cpp">
      <Filter>Generated Files\Debug</Filter>
    </ClCompile>
    <ClCompile Include="GeneratedFiles\Release\moc_qxtspanslider.cpp">
      <Filter>Generated Files\Release</Filter>
    </ClCompile>
    <ClCompile Include="GeneratedFiles\Debug\moc_qxtspanslider_p.cpp">
      <Filter>Generated Files\Debug</Filter>
    </ClCompile>
    <ClCompile Include="GeneratedFiles\Release\moc_qxtspanslider_p.cpp">
      <Filter>Generated Files\Release</Filter>
    </ClCompile>
    <ClCompile Include="qxtgradientbar.cpp">
      <Filter>Source Files</Filter>
    </ClCompile>
    <ClCompile Include="GeneratedFiles\Debug\moc_qxtgradientbar.cpp">
      <Filter>Generated Files\Debug</Filter>
    </ClCompile>
    <ClCompile Include="GeneratedFiles\Release\moc_qxtgradientbar.cpp">
      <Filter>Generated Files\Release</Filter>
    </ClCompile>
    <ClCompile Include="qxtgradient.cpp">
      <Filter>Source Files</Filter>
    </ClCompile>
    <ClCompile Include="GeneratedFiles\Debug\moc_qxtgradient.cpp">
      <Filter>Generated Files\Debug</Filter>
    </ClCompile>
    <ClCompile Include="GeneratedFiles\Release\moc_qxtgradient.cpp">
      <Filter>Generated Files\Release</Filter>
    </ClCompile>
    <ClCompile Include="qxtlogger.cpp">
      <Filter>Source Files</Filter>
    </ClCompile>
    <ClCompile Include="GeneratedFiles\Debug\moc_qxtlogger.cpp">
      <Filter>Generated Files\Debug</Filter>
    </ClCompile>
    <ClCompile Include="GeneratedFiles\Release\moc_qxtlogger.cpp">
      <Filter>Generated Files\Release</Filter>
    </ClCompile>
    <ClCompile Include="GeneratedFiles\Debug\moc_qxtlogger_p.cpp">
      <Filter>Generated Files\Debug</Filter>
    </ClCompile>
    <ClCompile Include="GeneratedFiles\Release\moc_qxtlogger_p.cpp">
      <Filter>Generated Files\Release</Filter>
    </ClCompile>
    <ClCompile Include="qxtloggerengine.cpp">
      <Filter>Source Files</Filter>
    </ClCompile>
    <ClCompile Include="qxtlogstream.cpp">
      <Filter>Source Files</Filter>
    </ClCompile>
    <ClCompile Include="qxtbasicfileloggerengine.cpp">
      <Filter>Source Files</Filter>
    </ClCompile>
    <ClCompile Include="qxtbasicstdloggerengine.cpp">
      <Filter>Source Files</Filter>
    </ClCompile>
    <ClCompile Include="qxtabstractfileloggerengine.cpp">
      <Filter>Source Files</Filter>
    </ClCompile>
    <ClCompile Include="qxtabstractiologgerengine.cpp">
      <Filter>Source Files</Filter>
    </ClCompile>
    <ClCompile Include="qxtwidgetloggerengine.cpp">
      <Filter>Source Files</Filter>
    </ClCompile>
    <ClCompile Include="qxtgradientslider.cpp">
      <Filter>Source Files</Filter>
    </ClCompile>
    <ClCompile Include="GeneratedFiles\Debug\moc_qxtgradientslider.cpp">
      <Filter>Generated Files\Debug</Filter>
    </ClCompile>
    <ClCompile Include="GeneratedFiles\Release\moc_qxtgradientslider.cpp">
      <Filter>Generated Files\Release</Filter>
    </ClCompile>
    <ClCompile Include="testgradientslider.cpp">
      <Filter>Source Files</Filter>
    </ClCompile>
  </ItemGroup>
  <ItemGroup>
    <ClInclude Include="qxtglobal.h">
      <Filter>Header Files</Filter>
    </ClInclude>
    <ClInclude Include="qxtloggerengine.h">
      <Filter>Header Files</Filter>
    </ClInclude>
    <ClInclude Include="qxtlogstream.h">
      <Filter>Header Files</Filter>
    </ClInclude>
    <ClInclude Include="qxtlogstream_p.h">
      <Filter>Header Files</Filter>
    </ClInclude>
    <ClInclude Include="qxtbasicfileloggerengine.h">
      <Filter>Header Files</Filter>
    </ClInclude>
    <ClInclude Include="qxtbasicstdloggerengine.h">
      <Filter>Header Files</Filter>
    </ClInclude>
    <ClInclude Include="qxtabstractfileloggerengine.h">
      <Filter>Header Files</Filter>
    </ClInclude>
    <ClInclude Include="qxtabstractiologgerengine.h">
      <Filter>Header Files</Filter>
    </ClInclude>
    <ClInclude Include="qxtwidgetloggerengine.h">
      <Filter>Header Files</Filter>
    </ClInclude>
  </ItemGroup>
  <ItemGroup>
    <CustomBuild Include="qxtmultispanslider.h">
      <Filter>Header Files</Filter>
    </CustomBuild>
    <CustomBuild Include="qxtmultispanslider_p.h">
      <Filter>Header Files</Filter>
    </CustomBuild>
    <CustomBuild Include="qxtnamespace.h">
      <Filter>Header Files</Filter>
    </CustomBuild>
    <CustomBuild Include="qxtspanslider.h">
      <Filter>Header Files</Filter>
    </CustomBuild>
    <CustomBuild Include="qxtspanslider_p.h">
      <Filter>Header Files</Filter>
    </CustomBuild>
    <CustomBuild Include="qxtgradientbar.h">
      <Filter>Header Files</Filter>
    </CustomBuild>
    <CustomBuild Include="qxtgradient.h">
      <Filter>Header Files</Filter>
    </CustomBuild>
    <CustomBuild Include="GradientEditor.ui">
      <Filter>Form Files</Filter>
    </CustomBuild>
    <CustomBuild Include="qxtlogger.h">
      <Filter>Header Files</Filter>
    </CustomBuild>
    <CustomBuild Include="qxtlogger_p.h">
      <Filter>Header Files</Filter>
    </CustomBuild>
    <CustomBuild Include="qxtgradientslider.h">
      <Filter>Header Files</Filter>
    </CustomBuild>
  </ItemGroup>
</Project>